
Microsoft Visual Studio Solution File, Format Version 12.00
# Visual Studio Version 16
VisualStudioVersion = 16.0.30717.126
MinimumVisualStudioVersion = 15.0.26124.0
Project("{9A19103F-16F7-4668-BE54-9A1E7A4F7556}") = "Muse.Net", "Muse.Net\Muse.Net.csproj", "{83FBA32B-1AC2-4F0D-B932-283ACF79DD42}"
EndProject
Project("{FAE04EC0-301F-11D3-BF4B-00C04F79EFBC}") = "Muse.LiveFeed", "Muse.LiveFeed\Muse.LiveFeed.csproj", "{FB7F8ECB-C0B0-4CD7-B639-93A12120A3EC}"
EndProject
Project("{9A19103F-16F7-4668-BE54-9A1E7A4F7556}") = "Muse.Console", "Muse.Console\Muse.Console.csproj", "{08B8F60A-54D3-4357-B2D8-124677B38282}"
EndProject
Project("{FAE04EC0-301F-11D3-BF4B-00C04F79EFBC}") = "Muse.Net.Uwp", "Muse.Net.Uwp\Muse.Net.Uwp.csproj", "{0242CFC9-7A06-4E8D-8CE2-287037CE61FB}"
EndProject
Project("{FAE04EC0-301F-11D3-BF4B-00C04F79EFBC}") = "Muse.LiveFeed.Uwp", "Muse.LiveFeed.Uwp\Muse.LiveFeed.Uwp.csproj", "{4CD6D6C4-A9C1-48EB-BD83-D436FD374BFA}"
EndProject
Project("{FAE04EC0-301F-11D3-BF4B-00C04F79EFBC}") = "Muse.Net.Models", "Muse.Net.Models\Muse.Net.Models.csproj", "{C7A868D5-E606-4CEC-BE22-CFA3C47BF169}"
EndProject
Project("{2150E333-8FDC-42A3-9474-1A3956D46DE8}") = "Tests", "Tests", "{C446B851-C08A-4A5A-A028-C35E48D9082D}"
EndProject
Project("{FAE04EC0-301F-11D3-BF4B-00C04F79EFBC}") = "Muse.Net.Services", "Muse.Net.Services\Muse.Net.Services.csproj", "{A9AF9DE0-ECD8-4694-A067-CF89E53460F1}"
EndProject
Project("{FAE04EC0-301F-11D3-BF4B-00C04F79EFBC}") = "Muse.Net.Services.UnitTests", "Muse.Net.Services.UnitTests\Muse.Net.Services.UnitTests.csproj", "{4DF310D5-94C6-42C9-AAC3-C95BA5469634}"
EndProject
Global
	GlobalSection(SolutionConfigurationPlatforms) = preSolution
		Debug|Any CPU = Debug|Any CPU
		Debug|ARM = Debug|ARM
		Debug|ARM64 = Debug|ARM64
		Debug|x64 = Debug|x64
		Debug|x86 = Debug|x86
		Release|Any CPU = Release|Any CPU
		Release|ARM = Release|ARM
		Release|ARM64 = Release|ARM64
		Release|x64 = Release|x64
		Release|x86 = Release|x86
	EndGlobalSection
	GlobalSection(ProjectConfigurationPlatforms) = postSolution
		{83FBA32B-1AC2-4F0D-B932-283ACF79DD42}.Debug|Any CPU.ActiveCfg = Debug|Any CPU
		{83FBA32B-1AC2-4F0D-B932-283ACF79DD42}.Debug|Any CPU.Build.0 = Debug|Any CPU
		{83FBA32B-1AC2-4F0D-B932-283ACF79DD42}.Debug|ARM.ActiveCfg = Debug|Any CPU
		{83FBA32B-1AC2-4F0D-B932-283ACF79DD42}.Debug|ARM.Build.0 = Debug|Any CPU
		{83FBA32B-1AC2-4F0D-B932-283ACF79DD42}.Debug|ARM64.ActiveCfg = Debug|Any CPU
		{83FBA32B-1AC2-4F0D-B932-283ACF79DD42}.Debug|ARM64.Build.0 = Debug|Any CPU
		{83FBA32B-1AC2-4F0D-B932-283ACF79DD42}.Debug|x64.ActiveCfg = Debug|Any CPU
		{83FBA32B-1AC2-4F0D-B932-283ACF79DD42}.Debug|x64.Build.0 = Debug|Any CPU
		{83FBA32B-1AC2-4F0D-B932-283ACF79DD42}.Debug|x86.ActiveCfg = Debug|Any CPU
		{83FBA32B-1AC2-4F0D-B932-283ACF79DD42}.Debug|x86.Build.0 = Debug|Any CPU
		{83FBA32B-1AC2-4F0D-B932-283ACF79DD42}.Release|Any CPU.ActiveCfg = Release|Any CPU
		{83FBA32B-1AC2-4F0D-B932-283ACF79DD42}.Release|Any CPU.Build.0 = Release|Any CPU
		{83FBA32B-1AC2-4F0D-B932-283ACF79DD42}.Release|ARM.ActiveCfg = Release|Any CPU
		{83FBA32B-1AC2-4F0D-B932-283ACF79DD42}.Release|ARM.Build.0 = Release|Any CPU
		{83FBA32B-1AC2-4F0D-B932-283ACF79DD42}.Release|ARM64.ActiveCfg = Release|Any CPU
		{83FBA32B-1AC2-4F0D-B932-283ACF79DD42}.Release|ARM64.Build.0 = Release|Any CPU
		{83FBA32B-1AC2-4F0D-B932-283ACF79DD42}.Release|x64.ActiveCfg = Release|Any CPU
		{83FBA32B-1AC2-4F0D-B932-283ACF79DD42}.Release|x64.Build.0 = Release|Any CPU
		{83FBA32B-1AC2-4F0D-B932-283ACF79DD42}.Release|x86.ActiveCfg = Release|Any CPU
		{83FBA32B-1AC2-4F0D-B932-283ACF79DD42}.Release|x86.Build.0 = Release|Any CPU
		{FB7F8ECB-C0B0-4CD7-B639-93A12120A3EC}.Debug|Any CPU.ActiveCfg = Debug|Any CPU
		{FB7F8ECB-C0B0-4CD7-B639-93A12120A3EC}.Debug|Any CPU.Build.0 = Debug|Any CPU
		{FB7F8ECB-C0B0-4CD7-B639-93A12120A3EC}.Debug|ARM.ActiveCfg = Debug|Any CPU
		{FB7F8ECB-C0B0-4CD7-B639-93A12120A3EC}.Debug|ARM.Build.0 = Debug|Any CPU
		{FB7F8ECB-C0B0-4CD7-B639-93A12120A3EC}.Debug|ARM64.ActiveCfg = Debug|Any CPU
		{FB7F8ECB-C0B0-4CD7-B639-93A12120A3EC}.Debug|ARM64.Build.0 = Debug|Any CPU
		{FB7F8ECB-C0B0-4CD7-B639-93A12120A3EC}.Debug|x64.ActiveCfg = Debug|Any CPU
		{FB7F8ECB-C0B0-4CD7-B639-93A12120A3EC}.Debug|x64.Build.0 = Debug|Any CPU
		{FB7F8ECB-C0B0-4CD7-B639-93A12120A3EC}.Debug|x86.ActiveCfg = Debug|Any CPU
		{FB7F8ECB-C0B0-4CD7-B639-93A12120A3EC}.Debug|x86.Build.0 = Debug|Any CPU
		{FB7F8ECB-C0B0-4CD7-B639-93A12120A3EC}.Release|Any CPU.ActiveCfg = Release|Any CPU
		{FB7F8ECB-C0B0-4CD7-B639-93A12120A3EC}.Release|Any CPU.Build.0 = Release|Any CPU
		{FB7F8ECB-C0B0-4CD7-B639-93A12120A3EC}.Release|ARM.ActiveCfg = Release|Any CPU
		{FB7F8ECB-C0B0-4CD7-B639-93A12120A3EC}.Release|ARM.Build.0 = Release|Any CPU
		{FB7F8ECB-C0B0-4CD7-B639-93A12120A3EC}.Release|ARM64.ActiveCfg = Release|Any CPU
		{FB7F8ECB-C0B0-4CD7-B639-93A12120A3EC}.Release|ARM64.Build.0 = Release|Any CPU
		{FB7F8ECB-C0B0-4CD7-B639-93A12120A3EC}.Release|x64.ActiveCfg = Release|Any CPU
		{FB7F8ECB-C0B0-4CD7-B639-93A12120A3EC}.Release|x64.Build.0 = Release|Any CPU
		{FB7F8ECB-C0B0-4CD7-B639-93A12120A3EC}.Release|x86.ActiveCfg = Release|Any CPU
		{FB7F8ECB-C0B0-4CD7-B639-93A12120A3EC}.Release|x86.Build.0 = Release|Any CPU
		{08B8F60A-54D3-4357-B2D8-124677B38282}.Debug|Any CPU.ActiveCfg = Debug|Any CPU
		{08B8F60A-54D3-4357-B2D8-124677B38282}.Debug|Any CPU.Build.0 = Debug|Any CPU
		{08B8F60A-54D3-4357-B2D8-124677B38282}.Debug|ARM.ActiveCfg = Debug|Any CPU
		{08B8F60A-54D3-4357-B2D8-124677B38282}.Debug|ARM.Build.0 = Debug|Any CPU
		{08B8F60A-54D3-4357-B2D8-124677B38282}.Debug|ARM64.ActiveCfg = Debug|Any CPU
		{08B8F60A-54D3-4357-B2D8-124677B38282}.Debug|ARM64.Build.0 = Debug|Any CPU
		{08B8F60A-54D3-4357-B2D8-124677B38282}.Debug|x64.ActiveCfg = Debug|Any CPU
		{08B8F60A-54D3-4357-B2D8-124677B38282}.Debug|x64.Build.0 = Debug|Any CPU
		{08B8F60A-54D3-4357-B2D8-124677B38282}.Debug|x86.ActiveCfg = Debug|Any CPU
		{08B8F60A-54D3-4357-B2D8-124677B38282}.Debug|x86.Build.0 = Debug|Any CPU
		{08B8F60A-54D3-4357-B2D8-124677B38282}.Release|Any CPU.ActiveCfg = Release|Any CPU
		{08B8F60A-54D3-4357-B2D8-124677B38282}.Release|Any CPU.Build.0 = Release|Any CPU
		{08B8F60A-54D3-4357-B2D8-124677B38282}.Release|ARM.ActiveCfg = Release|Any CPU
		{08B8F60A-54D3-4357-B2D8-124677B38282}.Release|ARM.Build.0 = Release|Any CPU
		{08B8F60A-54D3-4357-B2D8-124677B38282}.Release|ARM64.ActiveCfg = Release|Any CPU
		{08B8F60A-54D3-4357-B2D8-124677B38282}.Release|ARM64.Build.0 = Release|Any CPU
		{08B8F60A-54D3-4357-B2D8-124677B38282}.Release|x64.ActiveCfg = Release|Any CPU
		{08B8F60A-54D3-4357-B2D8-124677B38282}.Release|x64.Build.0 = Release|Any CPU
		{08B8F60A-54D3-4357-B2D8-124677B38282}.Release|x86.ActiveCfg = Release|Any CPU
		{08B8F60A-54D3-4357-B2D8-124677B38282}.Release|x86.Build.0 = Release|Any CPU
		{0242CFC9-7A06-4E8D-8CE2-287037CE61FB}.Debug|Any CPU.ActiveCfg = Debug|Any CPU
		{0242CFC9-7A06-4E8D-8CE2-287037CE61FB}.Debug|Any CPU.Build.0 = Debug|Any CPU
		{0242CFC9-7A06-4E8D-8CE2-287037CE61FB}.Debug|ARM.ActiveCfg = Debug|ARM
		{0242CFC9-7A06-4E8D-8CE2-287037CE61FB}.Debug|ARM.Build.0 = Debug|ARM
		{0242CFC9-7A06-4E8D-8CE2-287037CE61FB}.Debug|ARM64.ActiveCfg = Debug|ARM64
		{0242CFC9-7A06-4E8D-8CE2-287037CE61FB}.Debug|ARM64.Build.0 = Debug|ARM64
		{0242CFC9-7A06-4E8D-8CE2-287037CE61FB}.Debug|x64.ActiveCfg = Debug|x64
		{0242CFC9-7A06-4E8D-8CE2-287037CE61FB}.Debug|x64.Build.0 = Debug|x64
		{0242CFC9-7A06-4E8D-8CE2-287037CE61FB}.Debug|x86.ActiveCfg = Debug|x86
		{0242CFC9-7A06-4E8D-8CE2-287037CE61FB}.Debug|x86.Build.0 = Debug|x86
		{0242CFC9-7A06-4E8D-8CE2-287037CE61FB}.Release|Any CPU.ActiveCfg = Release|Any CPU
		{0242CFC9-7A06-4E8D-8CE2-287037CE61FB}.Release|Any CPU.Build.0 = Release|Any CPU
		{0242CFC9-7A06-4E8D-8CE2-287037CE61FB}.Release|ARM.ActiveCfg = Release|ARM
		{0242CFC9-7A06-4E8D-8CE2-287037CE61FB}.Release|ARM.Build.0 = Release|ARM
		{0242CFC9-7A06-4E8D-8CE2-287037CE61FB}.Release|ARM64.ActiveCfg = Release|ARM64
		{0242CFC9-7A06-4E8D-8CE2-287037CE61FB}.Release|ARM64.Build.0 = Release|ARM64
		{0242CFC9-7A06-4E8D-8CE2-287037CE61FB}.Release|x64.ActiveCfg = Release|x64
		{0242CFC9-7A06-4E8D-8CE2-287037CE61FB}.Release|x64.Build.0 = Release|x64
		{0242CFC9-7A06-4E8D-8CE2-287037CE61FB}.Release|x86.ActiveCfg = Release|x86
		{0242CFC9-7A06-4E8D-8CE2-287037CE61FB}.Release|x86.Build.0 = Release|x86
		{4CD6D6C4-A9C1-48EB-BD83-D436FD374BFA}.Debug|Any CPU.ActiveCfg = Debug|x86
		{4CD6D6C4-A9C1-48EB-BD83-D436FD374BFA}.Debug|ARM.ActiveCfg = Debug|ARM
		{4CD6D6C4-A9C1-48EB-BD83-D436FD374BFA}.Debug|ARM.Build.0 = Debug|ARM
		{4CD6D6C4-A9C1-48EB-BD83-D436FD374BFA}.Debug|ARM.Deploy.0 = Debug|ARM
		{4CD6D6C4-A9C1-48EB-BD83-D436FD374BFA}.Debug|ARM64.ActiveCfg = Debug|ARM64
		{4CD6D6C4-A9C1-48EB-BD83-D436FD374BFA}.Debug|ARM64.Build.0 = Debug|ARM64
		{4CD6D6C4-A9C1-48EB-BD83-D436FD374BFA}.Debug|ARM64.Deploy.0 = Debug|ARM64
		{4CD6D6C4-A9C1-48EB-BD83-D436FD374BFA}.Debug|x64.ActiveCfg = Debug|x64
		{4CD6D6C4-A9C1-48EB-BD83-D436FD374BFA}.Debug|x64.Build.0 = Debug|x64
		{4CD6D6C4-A9C1-48EB-BD83-D436FD374BFA}.Debug|x64.Deploy.0 = Debug|x64
		{4CD6D6C4-A9C1-48EB-BD83-D436FD374BFA}.Debug|x86.ActiveCfg = Debug|x86
		{4CD6D6C4-A9C1-48EB-BD83-D436FD374BFA}.Debug|x86.Build.0 = Debug|x86
		{4CD6D6C4-A9C1-48EB-BD83-D436FD374BFA}.Debug|x86.Deploy.0 = Debug|x86
		{4CD6D6C4-A9C1-48EB-BD83-D436FD374BFA}.Release|Any CPU.ActiveCfg = Release|x86
		{4CD6D6C4-A9C1-48EB-BD83-D436FD374BFA}.Release|ARM.ActiveCfg = Release|ARM
		{4CD6D6C4-A9C1-48EB-BD83-D436FD374BFA}.Release|ARM.Build.0 = Release|ARM
		{4CD6D6C4-A9C1-48EB-BD83-D436FD374BFA}.Release|ARM.Deploy.0 = Release|ARM
		{4CD6D6C4-A9C1-48EB-BD83-D436FD374BFA}.Release|ARM64.ActiveCfg = Release|ARM64
		{4CD6D6C4-A9C1-48EB-BD83-D436FD374BFA}.Release|ARM64.Build.0 = Release|ARM64
		{4CD6D6C4-A9C1-48EB-BD83-D436FD374BFA}.Release|ARM64.Deploy.0 = Release|ARM64
		{4CD6D6C4-A9C1-48EB-BD83-D436FD374BFA}.Release|x64.ActiveCfg = Release|x64
		{4CD6D6C4-A9C1-48EB-BD83-D436FD374BFA}.Release|x64.Build.0 = Release|x64
		{4CD6D6C4-A9C1-48EB-BD83-D436FD374BFA}.Release|x64.Deploy.0 = Release|x64
		{4CD6D6C4-A9C1-48EB-BD83-D436FD374BFA}.Release|x86.ActiveCfg = Release|x86
		{4CD6D6C4-A9C1-48EB-BD83-D436FD374BFA}.Release|x86.Build.0 = Release|x86
		{4CD6D6C4-A9C1-48EB-BD83-D436FD374BFA}.Release|x86.Deploy.0 = Release|x86
		{C7A868D5-E606-4CEC-BE22-CFA3C47BF169}.Debug|Any CPU.ActiveCfg = Debug|Any CPU
		{C7A868D5-E606-4CEC-BE22-CFA3C47BF169}.Debug|Any CPU.Build.0 = Debug|Any CPU
		{C7A868D5-E606-4CEC-BE22-CFA3C47BF169}.Debug|ARM.ActiveCfg = Debug|Any CPU
		{C7A868D5-E606-4CEC-BE22-CFA3C47BF169}.Debug|ARM.Build.0 = Debug|Any CPU
		{C7A868D5-E606-4CEC-BE22-CFA3C47BF169}.Debug|ARM64.ActiveCfg = Debug|Any CPU
		{C7A868D5-E606-4CEC-BE22-CFA3C47BF169}.Debug|ARM64.Build.0 = Debug|Any CPU
		{C7A868D5-E606-4CEC-BE22-CFA3C47BF169}.Debug|x64.ActiveCfg = Debug|Any CPU
		{C7A868D5-E606-4CEC-BE22-CFA3C47BF169}.Debug|x64.Build.0 = Debug|Any CPU
		{C7A868D5-E606-4CEC-BE22-CFA3C47BF169}.Debug|x86.ActiveCfg = Debug|Any CPU
		{C7A868D5-E606-4CEC-BE22-CFA3C47BF169}.Debug|x86.Build.0 = Debug|Any CPU
		{C7A868D5-E606-4CEC-BE22-CFA3C47BF169}.Release|Any CPU.ActiveCfg = Release|Any CPU
		{C7A868D5-E606-4CEC-BE22-CFA3C47BF169}.Release|Any CPU.Build.0 = Release|Any CPU
		{C7A868D5-E606-4CEC-BE22-CFA3C47BF169}.Release|ARM.ActiveCfg = Release|Any CPU
		{C7A868D5-E606-4CEC-BE22-CFA3C47BF169}.Release|ARM.Build.0 = Release|Any CPU
		{C7A868D5-E606-4CEC-BE22-CFA3C47BF169}.Release|ARM64.ActiveCfg = Release|Any CPU
		{C7A868D5-E606-4CEC-BE22-CFA3C47BF169}.Release|ARM64.Build.0 = Release|Any CPU
		{C7A868D5-E606-4CEC-BE22-CFA3C47BF169}.Release|x64.ActiveCfg = Release|Any CPU
		{C7A868D5-E606-4CEC-BE22-CFA3C47BF169}.Release|x64.Build.0 = Release|Any CPU
		{C7A868D5-E606-4CEC-BE22-CFA3C47BF169}.Release|x86.ActiveCfg = Release|Any CPU
		{C7A868D5-E606-4CEC-BE22-CFA3C47BF169}.Release|x86.Build.0 = Release|Any CPU
		{A9AF9DE0-ECD8-4694-A067-CF89E53460F1}.Debug|Any CPU.ActiveCfg = Debug|Any CPU
		{A9AF9DE0-ECD8-4694-A067-CF89E53460F1}.Debug|Any CPU.Build.0 = Debug|Any CPU
		{A9AF9DE0-ECD8-4694-A067-CF89E53460F1}.Debug|ARM.ActiveCfg = Debug|Any CPU
		{A9AF9DE0-ECD8-4694-A067-CF89E53460F1}.Debug|ARM.Build.0 = Debug|Any CPU
		{A9AF9DE0-ECD8-4694-A067-CF89E53460F1}.Debug|ARM64.ActiveCfg = Debug|Any CPU
		{A9AF9DE0-ECD8-4694-A067-CF89E53460F1}.Debug|ARM64.Build.0 = Debug|Any CPU
		{A9AF9DE0-ECD8-4694-A067-CF89E53460F1}.Debug|x64.ActiveCfg = Debug|Any CPU
		{A9AF9DE0-ECD8-4694-A067-CF89E53460F1}.Debug|x64.Build.0 = Debug|Any CPU
		{A9AF9DE0-ECD8-4694-A067-CF89E53460F1}.Debug|x86.ActiveCfg = Debug|Any CPU
		{A9AF9DE0-ECD8-4694-A067-CF89E53460F1}.Debug|x86.Build.0 = Debug|Any CPU
		{A9AF9DE0-ECD8-4694-A067-CF89E53460F1}.Release|Any CPU.ActiveCfg = Release|Any CPU
		{A9AF9DE0-ECD8-4694-A067-CF89E53460F1}.Release|Any CPU.Build.0 = Release|Any CPU
		{A9AF9DE0-ECD8-4694-A067-CF89E53460F1}.Release|ARM.ActiveCfg = Release|Any CPU
		{A9AF9DE0-ECD8-4694-A067-CF89E53460F1}.Release|ARM.Build.0 = Release|Any CPU
		{A9AF9DE0-ECD8-4694-A067-CF89E53460F1}.Release|ARM64.ActiveCfg = Release|Any CPU
		{A9AF9DE0-ECD8-4694-A067-CF89E53460F1}.Release|ARM64.Build.0 = Release|Any CPU
		{A9AF9DE0-ECD8-4694-A067-CF89E53460F1}.Release|x64.ActiveCfg = Release|Any CPU
		{A9AF9DE0-ECD8-4694-A067-CF89E53460F1}.Release|x64.Build.0 = Release|Any CPU
		{A9AF9DE0-ECD8-4694-A067-CF89E53460F1}.Release|x86.ActiveCfg = Release|Any CPU
		{A9AF9DE0-ECD8-4694-A067-CF89E53460F1}.Release|x86.Build.0 = Release|Any CPU
		{4DF310D5-94C6-42C9-AAC3-C95BA5469634}.Debug|Any CPU.ActiveCfg = Debug|Any CPU
		{4DF310D5-94C6-42C9-AAC3-C95BA5469634}.Debug|Any CPU.Build.0 = Debug|Any CPU
		{4DF310D5-94C6-42C9-AAC3-C95BA5469634}.Debug|ARM.ActiveCfg = Debug|Any CPU
		{4DF310D5-94C6-42C9-AAC3-C95BA5469634}.Debug|ARM.Build.0 = Debug|Any CPU
		{4DF310D5-94C6-42C9-AAC3-C95BA5469634}.Debug|ARM64.ActiveCfg = Debug|Any CPU
		{4DF310D5-94C6-42C9-AAC3-C95BA5469634}.Debug|ARM64.Build.0 = Debug|Any CPU
		{4DF310D5-94C6-42C9-AAC3-C95BA5469634}.Debug|x64.ActiveCfg = Debug|Any CPU
		{4DF310D5-94C6-42C9-AAC3-C95BA5469634}.Debug|x64.Build.0 = Debug|Any CPU
		{4DF310D5-94C6-42C9-AAC3-C95BA5469634}.Debug|x86.ActiveCfg = Debug|Any CPU
		{4DF310D5-94C6-42C9-AAC3-C95BA5469634}.Debug|x86.Build.0 = Debug|Any CPU
		{4DF310D5-94C6-42C9-AAC3-C95BA5469634}.Release|Any CPU.ActiveCfg = Release|Any CPU
		{4DF310D5-94C6-42C9-AAC3-C95BA5469634}.Release|Any CPU.Build.0 = Release|Any CPU
		{4DF310D5-94C6-42C9-AAC3-C95BA5469634}.Release|ARM.ActiveCfg = Release|Any CPU
		{4DF310D5-94C6-42C9-AAC3-C95BA5469634}.Release|ARM.Build.0 = Release|Any CPU
		{4DF310D5-94C6-42C9-AAC3-C95BA5469634}.Release|ARM64.ActiveCfg = Release|Any CPU
		{4DF310D5-94C6-42C9-AAC3-C95BA5469634}.Release|ARM64.Build.0 = Release|Any CPU
		{4DF310D5-94C6-42C9-AAC3-C95BA5469634}.Release|x64.ActiveCfg = Release|Any CPU
		{4DF310D5-94C6-42C9-AAC3-C95BA5469634}.Release|x64.Build.0 = Release|Any CPU
		{4DF310D5-94C6-42C9-AAC3-C95BA5469634}.Release|x86.ActiveCfg = Release|Any CPU
		{4DF310D5-94C6-42C9-AAC3-C95BA5469634}.Release|x86.Build.0 = Release|Any CPU
	EndGlobalSection
	GlobalSection(SolutionProperties) = preSolution
		HideSolutionNode = FALSE
	EndGlobalSection
	GlobalSection(NestedProjects) = preSolution
		{4DF310D5-94C6-42C9-AAC3-C95BA5469634} = {C446B851-C08A-4A5A-A028-C35E48D9082D}
	EndGlobalSection
	GlobalSection(ExtensibilityGlobals) = postSolution
		SolutionGuid = {BA68582A-EE38-455B-B79F-718DE491D174}
	EndGlobalSection
EndGlobal
